
Microsoft Visual Studio Solution File, Format Version 12.00
Project("{FAE04EC0-301F-11D3-BF4B-00C04F79EFBC}") = "FileSystemEvents", "FileSystemEvents\FileSystemEvents.csproj", "{E3CC4780-A25B-4FF7-8E7A-5739F18683FF}"
EndProject
Project("{FAE04EC0-301F-11D3-BF4B-00C04F79EFBC}") = "FileTreeWalk", "FileTreeWalk\FileTreeWalk.csproj", "{6BD979C4-F30D-4A75-A165-24FBC492C6E3}"
EndProject
Project("{FAE04EC0-301F-11D3-BF4B-00C04F79EFBC}") = "Drives", "Drives\Drives.csproj", "{C9091B62-07C4-47D8-A961-07B7CD1C678A}"
EndProject
Global
	GlobalSection(SolutionConfigurationPlatforms) = preSolution
		Debug|Any CPU = Debug|Any CPU
		Release|Any CPU = Release|Any CPU
	EndGlobalSection
	GlobalSection(ProjectConfigurationPlatforms) = postSolution
		{E3CC4780-A25B-4FF7-8E7A-5739F18683FF}.Debug|Any CPU.ActiveCfg = Debug|Any CPU
		{E3CC4780-A25B-4FF7-8E7A-5739F18683FF}.Debug|Any CPU.Build.0 = Debug|Any CPU
		{E3CC4780-A25B-4FF7-8E7A-5739F18683FF}.Release|Any CPU.ActiveCfg = Release|Any CPU
		{E3CC4780-A25B-4FF7-8E7A-5739F18683FF}.Release|Any CPU.Build.0 = Release|Any CPU
		{6BD979C4-F30D-4A75-A165-24FBC492C6E3}.Debug|Any CPU.ActiveCfg = Debug|Any CPU
		{6BD979C4-F30D-4A75-A165-24FBC492C6E3}.Debug|Any CPU.Build.0 = Debug|Any CPU
		{6BD979C4-F30D-4A75-A165-24FBC492C6E3}.Release|Any CPU.ActiveCfg = Release|Any CPU
		{6BD979C4-F30D-4A75-A165-24FBC492C6E3}.Release|Any CPU.Build.0 = Release|Any CPU
		{C9091B62-07C4-47D8-A961-07B7CD1C678A}.Debug|Any CPU.ActiveCfg = Debug|Any CPU
		{C9091B62-07C4-47D8-A961-07B7CD1C678A}.Debug|Any CPU.Build.0 = Debug|Any CPU
		{C9091B62-07C4-47D8-A961-07B7CD1C678A}.Release|Any CPU.ActiveCfg = Release|Any CPU
		{C9091B62-07C4-47D8-A961-07B7CD1C678A}.Release|Any CPU.Build.0 = Release|Any CPU
	EndGlobalSection
EndGlobal
