
Microsoft Visual Studio Solution File, Format Version 12.00
Project("{FAE04EC0-301F-11D3-BF4B-00C04F79EFBC}") = "Enumeration", "Enumeration\Enumeration.csproj", "{ECFF3F34-23D7-445C-9996-30252069FAC8}"
EndProject
Project("{FAE04EC0-301F-11D3-BF4B-00C04F79EFBC}") = "Nullable", "Nullable\Nullable.csproj", "{9DC8A40D-A3D8-4CEF-ABBD-466892233D8A}"
EndProject
Project("{FAE04EC0-301F-11D3-BF4B-00C04F79EFBC}") = "ExtensionMethods", "ExtensionMethods\ExtensionMethods.csproj", "{0D0BE029-096A-4F04-A87D-665177D723F7}"
EndProject
Project("{FAE04EC0-301F-11D3-BF4B-00C04F79EFBC}") = "Delegates", "Delegates\Delegates.csproj", "{E5A4FA63-91EC-46E0-AB42-CA697D3F2641}"
EndProject
Project("{FAE04EC0-301F-11D3-BF4B-00C04F79EFBC}") = "Lambdas", "Lambdas\Lambdas.csproj", "{215688D9-1F42-42D3-BF63-C78A7C5A0A15}"
EndProject
Project("{FAE04EC0-301F-11D3-BF4B-00C04F79EFBC}") = "Events", "Events\Events.csproj", "{AEAA9AC7-0198-4050-8E87-26A465EA8454}"
EndProject
Project("{FAE04EC0-301F-11D3-BF4B-00C04F79EFBC}") = "EventStandardPattern", "EventStandardPattern\EventStandardPattern.csproj", "{B31F9A98-8053-4A3C-9233-B50383530E79}"
EndProject
Project("{FAE04EC0-301F-11D3-BF4B-00C04F79EFBC}") = "PatternMatching", "PatternMatching\PatternMatching.csproj", "{D5BAB15B-9D10-4912-9234-24E0F0FB8ABA}"
EndProject
Project("{FAE04EC0-301F-11D3-BF4B-00C04F79EFBC}") = "Attributes", "Attributes\Attributes.csproj", "{5E4060B0-AE6E-4821-A6EE-E391713A5F88}"
EndProject
Project("{FAE04EC0-301F-11D3-BF4B-00C04F79EFBC}") = "Tuples", "Tuples\Tuples.csproj", "{690771A7-03CD-42CE-A76A-908B81135987}"
EndProject
Project("{FAE04EC0-301F-11D3-BF4B-00C04F79EFBC}") = "AnonymousTypes", "AnonymousTypes\AnonymousTypes.csproj", "{1DEDE1AB-FB32-452B-BC89-7277450187C1}"
EndProject
Project("{FAE04EC0-301F-11D3-BF4B-00C04F79EFBC}") = "Records", "Records\Records.csproj", "{BE6EC266-D498-45D6-A1FE-77A09BC14952}"
EndProject
Global
	GlobalSection(SolutionConfigurationPlatforms) = preSolution
		Debug|Any CPU = Debug|Any CPU
		Release|Any CPU = Release|Any CPU
	EndGlobalSection
	GlobalSection(ProjectConfigurationPlatforms) = postSolution
		{ECFF3F34-23D7-445C-9996-30252069FAC8}.Debug|Any CPU.ActiveCfg = Debug|Any CPU
		{ECFF3F34-23D7-445C-9996-30252069FAC8}.Debug|Any CPU.Build.0 = Debug|Any CPU
		{ECFF3F34-23D7-445C-9996-30252069FAC8}.Release|Any CPU.ActiveCfg = Release|Any CPU
		{ECFF3F34-23D7-445C-9996-30252069FAC8}.Release|Any CPU.Build.0 = Release|Any CPU
		{9DC8A40D-A3D8-4CEF-ABBD-466892233D8A}.Debug|Any CPU.ActiveCfg = Debug|Any CPU
		{9DC8A40D-A3D8-4CEF-ABBD-466892233D8A}.Debug|Any CPU.Build.0 = Debug|Any CPU
		{9DC8A40D-A3D8-4CEF-ABBD-466892233D8A}.Release|Any CPU.ActiveCfg = Release|Any CPU
		{9DC8A40D-A3D8-4CEF-ABBD-466892233D8A}.Release|Any CPU.Build.0 = Release|Any CPU
		{0D0BE029-096A-4F04-A87D-665177D723F7}.Debug|Any CPU.ActiveCfg = Debug|Any CPU
		{0D0BE029-096A-4F04-A87D-665177D723F7}.Debug|Any CPU.Build.0 = Debug|Any CPU
		{0D0BE029-096A-4F04-A87D-665177D723F7}.Release|Any CPU.ActiveCfg = Release|Any CPU
		{0D0BE029-096A-4F04-A87D-665177D723F7}.Release|Any CPU.Build.0 = Release|Any CPU
		{E5A4FA63-91EC-46E0-AB42-CA697D3F2641}.Debug|Any CPU.ActiveCfg = Debug|Any CPU
		{E5A4FA63-91EC-46E0-AB42-CA697D3F2641}.Debug|Any CPU.Build.0 = Debug|Any CPU
		{E5A4FA63-91EC-46E0-AB42-CA697D3F2641}.Release|Any CPU.ActiveCfg = Release|Any CPU
		{E5A4FA63-91EC-46E0-AB42-CA697D3F2641}.Release|Any CPU.Build.0 = Release|Any CPU
		{215688D9-1F42-42D3-BF63-C78A7C5A0A15}.Debug|Any CPU.ActiveCfg = Debug|Any CPU
		{215688D9-1F42-42D3-BF63-C78A7C5A0A15}.Debug|Any CPU.Build.0 = Debug|Any CPU
		{215688D9-1F42-42D3-BF63-C78A7C5A0A15}.Release|Any CPU.ActiveCfg = Release|Any CPU
		{215688D9-1F42-42D3-BF63-C78A7C5A0A15}.Release|Any CPU.Build.0 = Release|Any CPU
		{AEAA9AC7-0198-4050-8E87-26A465EA8454}.Debug|Any CPU.ActiveCfg = Debug|Any CPU
		{AEAA9AC7-0198-4050-8E87-26A465EA8454}.Debug|Any CPU.Build.0 = Debug|Any CPU
		{AEAA9AC7-0198-4050-8E87-26A465EA8454}.Release|Any CPU.ActiveCfg = Release|Any CPU
		{AEAA9AC7-0198-4050-8E87-26A465EA8454}.Release|Any CPU.Build.0 = Release|Any CPU
		{B31F9A98-8053-4A3C-9233-B50383530E79}.Debug|Any CPU.ActiveCfg = Debug|Any CPU
		{B31F9A98-8053-4A3C-9233-B50383530E79}.Debug|Any CPU.Build.0 = Debug|Any CPU
		{B31F9A98-8053-4A3C-9233-B50383530E79}.Release|Any CPU.ActiveCfg = Release|Any CPU
		{B31F9A98-8053-4A3C-9233-B50383530E79}.Release|Any CPU.Build.0 = Release|Any CPU
		{D5BAB15B-9D10-4912-9234-24E0F0FB8ABA}.Debug|Any CPU.ActiveCfg = Debug|Any CPU
		{D5BAB15B-9D10-4912-9234-24E0F0FB8ABA}.Debug|Any CPU.Build.0 = Debug|Any CPU
		{D5BAB15B-9D10-4912-9234-24E0F0FB8ABA}.Release|Any CPU.ActiveCfg = Release|Any CPU
		{D5BAB15B-9D10-4912-9234-24E0F0FB8ABA}.Release|Any CPU.Build.0 = Release|Any CPU
		{5E4060B0-AE6E-4821-A6EE-E391713A5F88}.Debug|Any CPU.ActiveCfg = Debug|Any CPU
		{5E4060B0-AE6E-4821-A6EE-E391713A5F88}.Debug|Any CPU.Build.0 = Debug|Any CPU
		{5E4060B0-AE6E-4821-A6EE-E391713A5F88}.Release|Any CPU.ActiveCfg = Release|Any CPU
		{5E4060B0-AE6E-4821-A6EE-E391713A5F88}.Release|Any CPU.Build.0 = Release|Any CPU
		{690771A7-03CD-42CE-A76A-908B81135987}.Debug|Any CPU.ActiveCfg = Debug|Any CPU
		{690771A7-03CD-42CE-A76A-908B81135987}.Debug|Any CPU.Build.0 = Debug|Any CPU
		{690771A7-03CD-42CE-A76A-908B81135987}.Release|Any CPU.ActiveCfg = Release|Any CPU
		{690771A7-03CD-42CE-A76A-908B81135987}.Release|Any CPU.Build.0 = Release|Any CPU
		{1DEDE1AB-FB32-452B-BC89-7277450187C1}.Debug|Any CPU.ActiveCfg = Debug|Any CPU
		{1DEDE1AB-FB32-452B-BC89-7277450187C1}.Debug|Any CPU.Build.0 = Debug|Any CPU
		{1DEDE1AB-FB32-452B-BC89-7277450187C1}.Release|Any CPU.ActiveCfg = Release|Any CPU
		{1DEDE1AB-FB32-452B-BC89-7277450187C1}.Release|Any CPU.Build.0 = Release|Any CPU
		{BE6EC266-D498-45D6-A1FE-77A09BC14952}.Debug|Any CPU.ActiveCfg = Debug|Any CPU
		{BE6EC266-D498-45D6-A1FE-77A09BC14952}.Debug|Any CPU.Build.0 = Debug|Any CPU
		{BE6EC266-D498-45D6-A1FE-77A09BC14952}.Release|Any CPU.ActiveCfg = Release|Any CPU
		{BE6EC266-D498-45D6-A1FE-77A09BC14952}.Release|Any CPU.Build.0 = Release|Any CPU
	EndGlobalSection
EndGlobal
