
Microsoft Visual Studio Solution File, Format Version 12.00
Project("{FAE04EC0-301F-11D3-BF4B-00C04F79EFBC}") = "Threads", "Threads\Threads.csproj", "{491A01A0-9D97-4714-9387-B8715C592C15}"
EndProject
Project("{FAE04EC0-301F-11D3-BF4B-00C04F79EFBC}") = "SynchronizationContexts", "SynchronizationContexts\SynchronizationContexts.csproj", "{A3B7065B-E4AB-4E5F-8000-9FD7BD96EB2B}"
EndProject
Project("{FAE04EC0-301F-11D3-BF4B-00C04F79EFBC}") = "Tasks", "Tasks\Tasks.csproj", "{C25A2DDC-61A1-4E2D-82F1-EE0D1F3AE9C1}"
EndProject
Project("{FAE04EC0-301F-11D3-BF4B-00C04F79EFBC}") = "AsyncAwaitThreads", "AsyncAwaitThreads\AsyncAwaitThreads.csproj", "{D34B267D-8CFE-4DE1-A9CA-44B0C14E1001}"
EndProject
Global
	GlobalSection(SolutionConfigurationPlatforms) = preSolution
		Debug|Any CPU = Debug|Any CPU
		Release|Any CPU = Release|Any CPU
	EndGlobalSection
	GlobalSection(ProjectConfigurationPlatforms) = postSolution
		{491A01A0-9D97-4714-9387-B8715C592C15}.Debug|Any CPU.ActiveCfg = Debug|Any CPU
		{491A01A0-9D97-4714-9387-B8715C592C15}.Debug|Any CPU.Build.0 = Debug|Any CPU
		{491A01A0-9D97-4714-9387-B8715C592C15}.Release|Any CPU.ActiveCfg = Release|Any CPU
		{491A01A0-9D97-4714-9387-B8715C592C15}.Release|Any CPU.Build.0 = Release|Any CPU
		{A3B7065B-E4AB-4E5F-8000-9FD7BD96EB2B}.Debug|Any CPU.ActiveCfg = Debug|Any CPU
		{A3B7065B-E4AB-4E5F-8000-9FD7BD96EB2B}.Debug|Any CPU.Build.0 = Debug|Any CPU
		{A3B7065B-E4AB-4E5F-8000-9FD7BD96EB2B}.Release|Any CPU.ActiveCfg = Release|Any CPU
		{A3B7065B-E4AB-4E5F-8000-9FD7BD96EB2B}.Release|Any CPU.Build.0 = Release|Any CPU
		{C25A2DDC-61A1-4E2D-82F1-EE0D1F3AE9C1}.Debug|Any CPU.ActiveCfg = Debug|Any CPU
		{C25A2DDC-61A1-4E2D-82F1-EE0D1F3AE9C1}.Debug|Any CPU.Build.0 = Debug|Any CPU
		{C25A2DDC-61A1-4E2D-82F1-EE0D1F3AE9C1}.Release|Any CPU.ActiveCfg = Release|Any CPU
		{C25A2DDC-61A1-4E2D-82F1-EE0D1F3AE9C1}.Release|Any CPU.Build.0 = Release|Any CPU
		{D34B267D-8CFE-4DE1-A9CA-44B0C14E1001}.Debug|Any CPU.ActiveCfg = Debug|Any CPU
		{D34B267D-8CFE-4DE1-A9CA-44B0C14E1001}.Debug|Any CPU.Build.0 = Debug|Any CPU
		{D34B267D-8CFE-4DE1-A9CA-44B0C14E1001}.Release|Any CPU.ActiveCfg = Release|Any CPU
		{D34B267D-8CFE-4DE1-A9CA-44B0C14E1001}.Release|Any CPU.Build.0 = Release|Any CPU
	EndGlobalSection
EndGlobal
