
Microsoft Visual Studio Solution File, Format Version 12.00
Project("{FAE04EC0-301F-11D3-BF4B-00C04F79EFBC}") = "Events", "Events\Events.csproj", "{DBE4756E-0AE6-4A91-B7A1-CA7E99724B88}"
EndProject
Project("{FAE04EC0-301F-11D3-BF4B-00C04F79EFBC}") = "TypeCraft", "TypeCraft\TypeCraft.csproj", "{D85454FC-3CE2-4AA9-B8BA-3BDE83AD93DD}"
EndProject
Global
	GlobalSection(SolutionConfigurationPlatforms) = preSolution
		Debug|Any CPU = Debug|Any CPU
		Release|Any CPU = Release|Any CPU
	EndGlobalSection
	GlobalSection(ProjectConfigurationPlatforms) = postSolution
		{DBE4756E-0AE6-4A91-B7A1-CA7E99724B88}.Debug|Any CPU.ActiveCfg = Debug|Any CPU
		{DBE4756E-0AE6-4A91-B7A1-CA7E99724B88}.Debug|Any CPU.Build.0 = Debug|Any CPU
		{DBE4756E-0AE6-4A91-B7A1-CA7E99724B88}.Release|Any CPU.ActiveCfg = Release|Any CPU
		{DBE4756E-0AE6-4A91-B7A1-CA7E99724B88}.Release|Any CPU.Build.0 = Release|Any CPU
		{D85454FC-3CE2-4AA9-B8BA-3BDE83AD93DD}.Debug|Any CPU.ActiveCfg = Debug|Any CPU
		{D85454FC-3CE2-4AA9-B8BA-3BDE83AD93DD}.Debug|Any CPU.Build.0 = Debug|Any CPU
		{D85454FC-3CE2-4AA9-B8BA-3BDE83AD93DD}.Release|Any CPU.ActiveCfg = Release|Any CPU
		{D85454FC-3CE2-4AA9-B8BA-3BDE83AD93DD}.Release|Any CPU.Build.0 = Release|Any CPU
	EndGlobalSection
EndGlobal
