
Microsoft Visual Studio Solution File, Format Version 12.00
Project("{FAE04EC0-301F-11D3-BF4B-00C04F79EFBC}") = "Events", "Events\Events.csproj", "{DBE4756E-0AE6-4A91-B7A1-CA7E99724B88}"
EndProject
Project("{FAE04EC0-301F-11D3-BF4B-00C04F79EFBC}") = "TypeCraft", "TypeCraft\TypeCraft.csproj", "{D85454FC-3CE2-4AA9-B8BA-3BDE83AD93DD}"
EndProject
Project("{FAE04EC0-301F-11D3-BF4B-00C04F79EFBC}") = "Plugin.Common", "Plugin.Common\Plugin.Common.csproj", "{57E908F0-9268-4E73-8144-BE43B7EEEA9F}"
EndProject
Project("{FAE04EC0-301F-11D3-BF4B-00C04F79EFBC}") = "Plugin.Rot13", "Plugin.Rot13\Plugin.Rot13.csproj", "{D9F0FEB7-F552-4CFA-97D8-C1FA0C43E251}"
EndProject
Project("{FAE04EC0-301F-11D3-BF4B-00C04F79EFBC}") = "Plugin.Host", "Plugin.Host\Plugin.Host.csproj", "{DDC657E7-D4A4-4913-88C9-4CBA46D7944B}"
EndProject
Project("{FAE04EC0-301F-11D3-BF4B-00C04F79EFBC}") = "Plugin.Reverse", "Plugin.Reverse\Plugin.Reverse.csproj", "{FF3D00C8-C6D6-4D0C-9163-1908964AA8DA}"
EndProject
Project("{FAE04EC0-301F-11D3-BF4B-00C04F79EFBC}") = "Introduction", "Introduction\Introduction.csproj", "{C2E94F6A-3FF3-4B46-A622-BD0B5153A99C}"
EndProject
Project("{FAE04EC0-301F-11D3-BF4B-00C04F79EFBC}") = "CustomAttributes", "CustomAttributes\CustomAttributes.csproj", "{8F81C6BC-DCBD-4321-9FF8-339C01ACAA7E}"
EndProject
Global
	GlobalSection(SolutionConfigurationPlatforms) = preSolution
		Debug|Any CPU = Debug|Any CPU
		Release|Any CPU = Release|Any CPU
	EndGlobalSection
	GlobalSection(ProjectConfigurationPlatforms) = postSolution
		{DBE4756E-0AE6-4A91-B7A1-CA7E99724B88}.Debug|Any CPU.ActiveCfg = Debug|Any CPU
		{DBE4756E-0AE6-4A91-B7A1-CA7E99724B88}.Debug|Any CPU.Build.0 = Debug|Any CPU
		{DBE4756E-0AE6-4A91-B7A1-CA7E99724B88}.Release|Any CPU.ActiveCfg = Release|Any CPU
		{DBE4756E-0AE6-4A91-B7A1-CA7E99724B88}.Release|Any CPU.Build.0 = Release|Any CPU
		{D85454FC-3CE2-4AA9-B8BA-3BDE83AD93DD}.Debug|Any CPU.ActiveCfg = Debug|Any CPU
		{D85454FC-3CE2-4AA9-B8BA-3BDE83AD93DD}.Debug|Any CPU.Build.0 = Debug|Any CPU
		{D85454FC-3CE2-4AA9-B8BA-3BDE83AD93DD}.Release|Any CPU.ActiveCfg = Release|Any CPU
		{D85454FC-3CE2-4AA9-B8BA-3BDE83AD93DD}.Release|Any CPU.Build.0 = Release|Any CPU
		{57E908F0-9268-4E73-8144-BE43B7EEEA9F}.Debug|Any CPU.ActiveCfg = Debug|Any CPU
		{57E908F0-9268-4E73-8144-BE43B7EEEA9F}.Debug|Any CPU.Build.0 = Debug|Any CPU
		{57E908F0-9268-4E73-8144-BE43B7EEEA9F}.Release|Any CPU.ActiveCfg = Release|Any CPU
		{57E908F0-9268-4E73-8144-BE43B7EEEA9F}.Release|Any CPU.Build.0 = Release|Any CPU
		{D9F0FEB7-F552-4CFA-97D8-C1FA0C43E251}.Debug|Any CPU.ActiveCfg = Debug|Any CPU
		{D9F0FEB7-F552-4CFA-97D8-C1FA0C43E251}.Debug|Any CPU.Build.0 = Debug|Any CPU
		{D9F0FEB7-F552-4CFA-97D8-C1FA0C43E251}.Release|Any CPU.ActiveCfg = Release|Any CPU
		{D9F0FEB7-F552-4CFA-97D8-C1FA0C43E251}.Release|Any CPU.Build.0 = Release|Any CPU
		{DDC657E7-D4A4-4913-88C9-4CBA46D7944B}.Debug|Any CPU.ActiveCfg = Debug|Any CPU
		{DDC657E7-D4A4-4913-88C9-4CBA46D7944B}.Debug|Any CPU.Build.0 = Debug|Any CPU
		{DDC657E7-D4A4-4913-88C9-4CBA46D7944B}.Release|Any CPU.ActiveCfg = Release|Any CPU
		{DDC657E7-D4A4-4913-88C9-4CBA46D7944B}.Release|Any CPU.Build.0 = Release|Any CPU
		{FF3D00C8-C6D6-4D0C-9163-1908964AA8DA}.Debug|Any CPU.ActiveCfg = Debug|Any CPU
		{FF3D00C8-C6D6-4D0C-9163-1908964AA8DA}.Debug|Any CPU.Build.0 = Debug|Any CPU
		{FF3D00C8-C6D6-4D0C-9163-1908964AA8DA}.Release|Any CPU.ActiveCfg = Release|Any CPU
		{FF3D00C8-C6D6-4D0C-9163-1908964AA8DA}.Release|Any CPU.Build.0 = Release|Any CPU
		{C2E94F6A-3FF3-4B46-A622-BD0B5153A99C}.Debug|Any CPU.ActiveCfg = Debug|Any CPU
		{C2E94F6A-3FF3-4B46-A622-BD0B5153A99C}.Debug|Any CPU.Build.0 = Debug|Any CPU
		{C2E94F6A-3FF3-4B46-A622-BD0B5153A99C}.Release|Any CPU.ActiveCfg = Release|Any CPU
		{C2E94F6A-3FF3-4B46-A622-BD0B5153A99C}.Release|Any CPU.Build.0 = Release|Any CPU
		{8F81C6BC-DCBD-4321-9FF8-339C01ACAA7E}.Debug|Any CPU.ActiveCfg = Debug|Any CPU
		{8F81C6BC-DCBD-4321-9FF8-339C01ACAA7E}.Debug|Any CPU.Build.0 = Debug|Any CPU
		{8F81C6BC-DCBD-4321-9FF8-339C01ACAA7E}.Release|Any CPU.ActiveCfg = Release|Any CPU
		{8F81C6BC-DCBD-4321-9FF8-339C01ACAA7E}.Release|Any CPU.Build.0 = Release|Any CPU
	EndGlobalSection
EndGlobal
