
Microsoft Visual Studio Solution File, Format Version 12.00
Project("{FAE04EC0-301F-11D3-BF4B-00C04F79EFBC}") = "Classes", "Classes\Classes.csproj", "{51511DB9-65CF-4968-BAFF-B5094D402ADB}"
EndProject
Project("{FAE04EC0-301F-11D3-BF4B-00C04F79EFBC}") = "Structs", "Structs\Structs.csproj", "{A6575B76-11D0-445C-B1B7-8F5B944AF1CF}"
EndProject
Project("{FAE04EC0-301F-11D3-BF4B-00C04F79EFBC}") = "Interfaces", "Interfaces\Interfaces.csproj", "{5B8417EA-D4DA-4B68-A7A3-7667469DA68A}"
EndProject
Project("{FAE04EC0-301F-11D3-BF4B-00C04F79EFBC}") = "Enums", "Enums\Enums.csproj", "{76605076-8A85-44E4-8F66-AEC41656E383}"
EndProject
Project("{FAE04EC0-301F-11D3-BF4B-00C04F79EFBC}") = "Inheritance", "Inheritance\Inheritance.csproj", "{FB35482C-D934-45A4-964B-3CBFE050375C}"
EndProject
Project("{FAE04EC0-301F-11D3-BF4B-00C04F79EFBC}") = "Generics", "Generics\Generics.csproj", "{C7AC5BFF-2239-4FC7-8C24-C96BE28C16EE}"
EndProject
Global
	GlobalSection(SolutionConfigurationPlatforms) = preSolution
		Debug|Any CPU = Debug|Any CPU
		Release|Any CPU = Release|Any CPU
	EndGlobalSection
	GlobalSection(ProjectConfigurationPlatforms) = postSolution
		{51511DB9-65CF-4968-BAFF-B5094D402ADB}.Debug|Any CPU.ActiveCfg = Debug|Any CPU
		{51511DB9-65CF-4968-BAFF-B5094D402ADB}.Debug|Any CPU.Build.0 = Debug|Any CPU
		{51511DB9-65CF-4968-BAFF-B5094D402ADB}.Release|Any CPU.ActiveCfg = Release|Any CPU
		{51511DB9-65CF-4968-BAFF-B5094D402ADB}.Release|Any CPU.Build.0 = Release|Any CPU
		{A6575B76-11D0-445C-B1B7-8F5B944AF1CF}.Debug|Any CPU.ActiveCfg = Debug|Any CPU
		{A6575B76-11D0-445C-B1B7-8F5B944AF1CF}.Debug|Any CPU.Build.0 = Debug|Any CPU
		{A6575B76-11D0-445C-B1B7-8F5B944AF1CF}.Release|Any CPU.ActiveCfg = Release|Any CPU
		{A6575B76-11D0-445C-B1B7-8F5B944AF1CF}.Release|Any CPU.Build.0 = Release|Any CPU
		{5B8417EA-D4DA-4B68-A7A3-7667469DA68A}.Debug|Any CPU.ActiveCfg = Debug|Any CPU
		{5B8417EA-D4DA-4B68-A7A3-7667469DA68A}.Debug|Any CPU.Build.0 = Debug|Any CPU
		{5B8417EA-D4DA-4B68-A7A3-7667469DA68A}.Release|Any CPU.ActiveCfg = Release|Any CPU
		{5B8417EA-D4DA-4B68-A7A3-7667469DA68A}.Release|Any CPU.Build.0 = Release|Any CPU
		{76605076-8A85-44E4-8F66-AEC41656E383}.Debug|Any CPU.ActiveCfg = Debug|Any CPU
		{76605076-8A85-44E4-8F66-AEC41656E383}.Debug|Any CPU.Build.0 = Debug|Any CPU
		{76605076-8A85-44E4-8F66-AEC41656E383}.Release|Any CPU.ActiveCfg = Release|Any CPU
		{76605076-8A85-44E4-8F66-AEC41656E383}.Release|Any CPU.Build.0 = Release|Any CPU
		{FB35482C-D934-45A4-964B-3CBFE050375C}.Debug|Any CPU.ActiveCfg = Debug|Any CPU
		{FB35482C-D934-45A4-964B-3CBFE050375C}.Debug|Any CPU.Build.0 = Debug|Any CPU
		{FB35482C-D934-45A4-964B-3CBFE050375C}.Release|Any CPU.ActiveCfg = Release|Any CPU
		{FB35482C-D934-45A4-964B-3CBFE050375C}.Release|Any CPU.Build.0 = Release|Any CPU
		{C7AC5BFF-2239-4FC7-8C24-C96BE28C16EE}.Debug|Any CPU.ActiveCfg = Debug|Any CPU
		{C7AC5BFF-2239-4FC7-8C24-C96BE28C16EE}.Debug|Any CPU.Build.0 = Debug|Any CPU
		{C7AC5BFF-2239-4FC7-8C24-C96BE28C16EE}.Release|Any CPU.ActiveCfg = Release|Any CPU
		{C7AC5BFF-2239-4FC7-8C24-C96BE28C16EE}.Release|Any CPU.Build.0 = Release|Any CPU
	EndGlobalSection
EndGlobal
